
Microsoft Visual Studio Solution File, Format Version 12.00
# Visual Studio Version 17
VisualStudioVersion = 17.2.32526.322
MinimumVisualStudioVersion = 10.0.40219.1
Project("{FAE04EC0-301F-11D3-BF4B-00C04F79EFBC}") = "AngularBlog.API", "AngularBlog.API\AngularBlog.API.csproj", "{AD1AAB78-381F-4245-8220-F9DC68243A01}"
EndProject
Global
	GlobalSection(SolutionConfigurationPlatforms) = preSolution
		Debug|Any CPU = Debug|Any CPU
		Release|Any CPU = Release|Any CPU
	EndGlobalSection
	GlobalSection(ProjectConfigurationPlatforms) = postSolution
		{AD1AAB78-381F-4245-8220-F9DC68243A01}.Debug|Any CPU.ActiveCfg = Debug|Any CPU
		{AD1AAB78-381F-4245-8220-F9DC68243A01}.Debug|Any CPU.Build.0 = Debug|Any CPU
		{AD1AAB78-381F-4245-8220-F9DC68243A01}.Release|Any CPU.ActiveCfg = Release|Any CPU
		{AD1AAB78-381F-4245-8220-F9DC68243A01}.Release|Any CPU.Build.0 = Release|Any CPU
	EndGlobalSection
	GlobalSection(SolutionProperties) = preSolution
		HideSolutionNode = FALSE
	EndGlobalSection
	GlobalSection(ExtensibilityGlobals) = postSolution
		SolutionGuid = {CAA5EEA4-3749-4874-ADAE-490FA8C0C5A7}
	EndGlobalSection
EndGlobal
